
Microsoft Visual Studio Solution File, Format Version 12.00
# Visual Studio Version 16
VisualStudioVersion = 16.0.29721.120
MinimumVisualStudioVersion = 10.0.40219.1
Project("{9A19103F-16F7-4668-BE54-9A1E7A4F7556}") = "SuppressionCleanupTool", "src\SuppressionCleanupTool\SuppressionCleanupTool.csproj", "{FC67FB75-F309-435A-91E3-A85D1D6DB9E9}"
EndProject
Project("{9A19103F-16F7-4668-BE54-9A1E7A4F7556}") = "SuppressionCleanupTool.Tests", "src\SuppressionCleanupTool.Tests\SuppressionCleanupTool.Tests.csproj", "{ED54B993-7BB6-4D5D-8D6B-52E29F94F222}"
EndProject
Global
	GlobalSection(SolutionConfigurationPlatforms) = preSolution
		Debug|Any CPU = Debug|Any CPU
		Release|Any CPU = Release|Any CPU
	EndGlobalSection
	GlobalSection(ProjectConfigurationPlatforms) = postSolution
		{FC67FB75-F309-435A-91E3-A85D1D6DB9E9}.Debug|Any CPU.ActiveCfg = Debug|Any CPU
		{FC67FB75-F309-435A-91E3-A85D1D6DB9E9}.Debug|Any CPU.Build.0 = Debug|Any CPU
		{FC67FB75-F309-435A-91E3-A85D1D6DB9E9}.Release|Any CPU.ActiveCfg = Release|Any CPU
		{FC67FB75-F309-435A-91E3-A85D1D6DB9E9}.Release|Any CPU.Build.0 = Release|Any CPU
		{ED54B993-7BB6-4D5D-8D6B-52E29F94F222}.Debug|Any CPU.ActiveCfg = Debug|Any CPU
		{ED54B993-7BB6-4D5D-8D6B-52E29F94F222}.Debug|Any CPU.Build.0 = Debug|Any CPU
		{ED54B993-7BB6-4D5D-8D6B-52E29F94F222}.Release|Any CPU.ActiveCfg = Release|Any CPU
		{ED54B993-7BB6-4D5D-8D6B-52E29F94F222}.Release|Any CPU.Build.0 = Release|Any CPU
	EndGlobalSection
	GlobalSection(SolutionProperties) = preSolution
		HideSolutionNode = FALSE
	EndGlobalSection
	GlobalSection(ExtensibilityGlobals) = postSolution
		SolutionGuid = {85CAB5D5-1D62-4B14-B5F0-9D1DD5EA406C}
	EndGlobalSection
EndGlobal
